// !$*UTF8*$!
{
	archiveVersion = 1;
	classes = {
	};
	objectVersion = 50;
	objects = {

/* Begin PBXBuildFile section */
		E8A13E2622D3EA4F004F87A4 /* AppDelegate.swift in Sources */ = {isa = PBXBuildFile; fileRef = E8A13E2522D3EA4F004F87A4 /* AppDelegate.swift */; };
		E8A13E2822D3EA4F004F87A4 /* SceneDelegate.swift in Sources */ = {isa = PBXBuildFile; fileRef = E8A13E2722D3EA4F004F87A4 /* SceneDelegate.swift */; };
		E8A13E2A22D3EA4F004F87A4 /* ViewController.swift in Sources */ = {isa = PBXBuildFile; fileRef = E8A13E2922D3EA4F004F87A4 /* ViewController.swift */; };
		E8A13E2D22D3EA4F004F87A4 /* Main.storyboard in Resources */ = {isa = PBXBuildFile; fileRef = E8A13E2B22D3EA4F004F87A4 /* Main.storyboard */; };
		E8A13E2F22D3EA50004F87A4 /* Assets.xcassets in Resources */ = {isa = PBXBuildFile; fileRef = E8A13E2E22D3EA50004F87A4 /* Assets.xcassets */; };
		E8A13E3222D3EA50004F87A4 /* LaunchScreen.storyboard in Resources */ = {isa = PBXBuildFile; fileRef = E8A13E3022D3EA50004F87A4 /* LaunchScreen.storyboard */; };
		E8A13E3D22D3EA50004F87A4 /* ejemploTests.swift in Sources */ = {isa = PBXBuildFile; fileRef = E8A13E3C22D3EA50004F87A4 /* ejemploTests.swift */; };
		E8A13E4822D3EA50004F87A4 /* ejemploUITests.swift in Sources */ = {isa = PBXBuildFile; fileRef = E8A13E4722D3EA50004F87A4 /* ejemploUITests.swift */; };
/* End PBXBuildFile section */

/* Begin PBXContainerItemProxy section */
		E8A13E3922D3EA50004F87A4 /* PBXContainerItemProxy */ = {
			isa = PBXContainerItemProxy;
			containerPortal = E8A13E1A22D3EA4F004F87A4 /* Project object */;
			proxyType = 1;
			remoteGlobalIDString = E8A13E2122D3EA4F004F87A4;
			remoteInfo = ejemplo;
		};
		E8A13E4422D3EA50004F87A4 /* PBXContainerItemProxy */ = {
			isa = PBXContainerItemProxy;
			containerPortal = E8A13E1A22D3EA4F004F87A4 /* Project object */;
			proxyType = 1;
			remoteGlobalIDString = E8A13E2122D3EA4F004F87A4;
			remoteInfo = ejemplo;
		};
/* End PBXContainerItemProxy section */

/* Begin PBXFileReference section */
		E8A13E2222D3EA4F004F87A4 /* ejemplo.app */ = {isa = PBXFileReference; explicitFileType = wrapper.application; includeInIndex = 0; path = ejemplo.app; sourceTree = BUILT_PRODUCTS_DIR; };
		E8A13E2522D3EA4F004F87A4 /* AppDelegate.swift */ = {isa = PBXFileReference; lastKnownFileType = sourcecode.swift; path = AppDelegate.swift; sourceTree = "<group>"; };
		E8A13E2722D3EA4F004F87A4 /* SceneDelegate.swift */ = {isa = PBXFileReference; lastKnownFileType = sourcecode.swift; path = SceneDelegate.swift; sourceTree = "<group>"; };
		E8A13E2922D3EA4F004F87A4 /* ViewController.swift */ = {isa = PBXFileReference; lastKnownFileType = sourcecode.swift; path = ViewController.swift; sourceTree = "<group>"; };
		E8A13E2C22D3EA4F004F87A4 /* Base */ = {isa = PBXFileReference; lastKnownFileType = file.storyboard; name = Base; path = Base.lproj/Main.storyboard; sourceTree = "<group>"; };
		E8A13E2E22D3EA50004F87A4 /* Assets.xcassets */ = {isa = PBXFileReference; lastKnownFileType = folder.assetcatalog; path = Assets.xcassets; sourceTree = "<group>"; };
		E8A13E3122D3EA50004F87A4 /* Base */ = {isa = PBXFileReference; lastKnownFileType = file.storyboard; name = Base; path = Base.lproj/LaunchScreen.storyboard; sourceTree = "<group>"; };
		E8A13E3322D3EA50004F87A4 /* Info.plist */ = {isa = PBXFileReference; lastKnownFileType = text.plist.xml; path = Info.plist; sourceTree = "<group>"; };
		E8A13E3822D3EA50004F87A4 /* ejemploTests.xctest */ = {isa = PBXFileReference; explicitFileType = wrapper.cfbundle; includeInIndex = 0; path = ejemploTests.xctest; sourceTree = BUILT_PRODUCTS_DIR; };
		E8A13E3C22D3EA50004F87A4 /* ejemploTests.swift */ = {isa = PBXFileReference; lastKnownFileType = sourcecode.swift; path = ejemploTests.swift; sourceTree = "<group>"; };
		E8A13E3E22D3EA50004F87A4 /* Info.plist */ = {isa = PBXFileReference; lastKnownFileType = text.plist.xml; path = Info.plist; sourceTree = "<group>"; };
		E8A13E4322D3EA50004F87A4 /* ejemploUITests.xctest */ = {isa = PBXFileReference; explicitFileType = wrapper.cfbundle; includeInIndex = 0; path = ejemploUITests.xctest; sourceTree = BUILT_PRODUCTS_DIR; };
		E8A13E4722D3EA50004F87A4 /* ejemploUITests.swift */ = {isa = PBXFileReference; lastKnownFileType = sourcecode.swift; path = ejemploUITests.swift; sourceTree = "<group>"; };
		E8A13E4922D3EA50004F87A4 /* Info.plist */ = {isa = PBXFileReference; lastKnownFileType = text.plist.xml; path = Info.plist; sourceTree = "<group>"; };
/* End PBXFileReference section */

/* Begin PBXFrameworksBuildPhase section */
		E8A13E1F22D3EA4F004F87A4 /* Frameworks */ = {
			isa = PBXFrameworksBuildPhase;
			buildActionMask = 2147483647;
			files = (
			);
			runOnlyForDeploymentPostprocessing = 0;
		};
		E8A13E3522D3EA50004F87A4 /* Frameworks */ = {
			isa = PBXFrameworksBuildPhase;
			buildActionMask = 2147483647;
			files = (
			);
			runOnlyForDeploymentPostprocessing = 0;
		};
		E8A13E4022D3EA50004F87A4 /* Frameworks */ = {
			isa = PBXFrameworksBuildPhase;
			buildActionMask = 2147483647;
			files = (
			);
			runOnlyForDeploymentPostprocessing = 0;
		};
/* End PBXFrameworksBuildPhase section */

/* Begin PBXGroup section */
		E8A13E1922D3EA4F004F87A4 = {
			isa = PBXGroup;
			children = (
				E8A13E2422D3EA4F004F87A4 /* ejemplo */,
				E8A13E3B22D3EA50004F87A4 /* ejemploTests */,
				E8A13E4622D3EA50004F87A4 /* ejemploUITests */,
				E8A13E2322D3EA4F004F87A4 /* Products */,
			);
			sourceTree = "<group>";
		};
		E8A13E2322D3EA4F004F87A4 /* Products */ = {
			isa = PBXGroup;
			children = (
				E8A13E2222D3EA4F004F87A4 /* ejemplo.app */,
				E8A13E3822D3EA50004F87A4 /* ejemploTests.xctest */,
				E8A13E4322D3EA50004F87A4 /* ejemploUITests.xctest */,
			);
			name = Products;
			sourceTree = "<group>";
		};
		E8A13E2422D3EA4F004F87A4 /* ejemplo */ = {
			isa = PBXGroup;
			children = (
				E8A13E2522D3EA4F004F87A4 /* AppDelegate.swift */,
				E8A13E2722D3EA4F004F87A4 /* SceneDelegate.swift */,
				E8A13E2922D3EA4F004F87A4 /* ViewController.swift */,
				E8A13E2B22D3EA4F004F87A4 /* Main.storyboard */,
				E8A13E2E22D3EA50004F87A4 /* Assets.xcassets */,
				E8A13E3022D3EA50004F87A4 /* LaunchScreen.storyboard */,
				E8A13E3322D3EA50004F87A4 /* Info.plist */,
			);
			path = ejemplo;
			sourceTree = "<group>";
		};
		E8A13E3B22D3EA50004F87A4 /* ejemploTests */ = {
			isa = PBXGroup;
			children = (
				E8A13E3C22D3EA50004F87A4 /* ejemploTests.swift */,
				E8A13E3E22D3EA50004F87A4 /* Info.plist */,
			);
			path = ejemploTests;
			sourceTree = "<group>";
		};
		E8A13E4622D3EA50004F87A4 /* ejemploUITests */ = {
			isa = PBXGroup;
			children = (
				E8A13E4722D3EA50004F87A4 /* ejemploUITests.swift */,
				E8A13E4922D3EA50004F87A4 /* Info.plist */,
			);
			path = ejemploUITests;
			sourceTree = "<group>";
		};
/* End PBXGroup section */

/* Begin PBXNativeTarget section */
		E8A13E2122D3EA4F004F87A4 /* ejemplo */ = {
			isa = PBXNativeTarget;
			buildConfigurationList = E8A13E4C22D3EA50004F87A4 /* Build configuration list for PBXNativeTarget "ejemplo" */;
			buildPhases = (
				E8A13E1E22D3EA4F004F87A4 /* Sources */,
				E8A13E1F22D3EA4F004F87A4 /* Frameworks */,
				E8A13E2022D3EA4F004F87A4 /* Resources */,
			);
			buildRules = (
			);
			dependencies = (
			);
			name = ejemplo;
			productName = ejemplo;
			productReference = E8A13E2222D3EA4F004F87A4 /* ejemplo.app */;
			productType = "com.apple.product-type.application";
		};
		E8A13E3722D3EA50004F87A4 /* ejemploTests */ = {
			isa = PBXNativeTarget;
			buildConfigurationList = E8A13E4F22D3EA50004F87A4 /* Build configuration list for PBXNativeTarget "ejemploTests" */;
			buildPhases = (
				E8A13E3422D3EA50004F87A4 /* Sources */,
				E8A13E3522D3EA50004F87A4 /* Frameworks */,
				E8A13E3622D3EA50004F87A4 /* Resources */,
			);
			buildRules = (
			);
			dependencies = (
				E8A13E3A22D3EA50004F87A4 /* PBXTargetDependency */,
			);
			name = ejemploTests;
			productName = ejemploTests;
			productReference = E8A13E3822D3EA50004F87A4 /* ejemploTests.xctest */;
			productType = "com.apple.product-type.bundle.unit-test";
		};
		E8A13E4222D3EA50004F87A4 /* ejemploUITests */ = {
			isa = PBXNativeTarget;
			buildConfigurationList = E8A13E5222D3EA50004F87A4 /* Build configuration list for PBXNativeTarget "ejemploUITests" */;
			buildPhases = (
				E8A13E3F22D3EA50004F87A4 /* Sources */,
				E8A13E4022D3EA50004F87A4 /* Frameworks */,
				E8A13E4122D3EA50004F87A4 /* Resources */,
			);
			buildRules = (
			);
			dependencies = (
				E8A13E4522D3EA50004F87A4 /* PBXTargetDependency */,
			);
			name = ejemploUITests;
			productName = ejemploUITests;
			productReference = E8A13E4322D3EA50004F87A4 /* ejemploUITests.xctest */;
			productType = "com.apple.product-type.bundle.ui-testing";
		};
/* End PBXNativeTarget section */

/* Begin PBXProject section */
		E8A13E1A22D3EA4F004F87A4 /* Project object */ = {
			isa = PBXProject;
			attributes = {
				LastSwiftUpdateCheck = 1100;
				LastUpgradeCheck = 1100;
				ORGANIZATIONNAME = "Laura Fernanda Castillo Cortes";
				TargetAttributes = {
					E8A13E2122D3EA4F004F87A4 = {
						CreatedOnToolsVersion = 11.0;
					};
					E8A13E3722D3EA50004F87A4 = {
						CreatedOnToolsVersion = 11.0;
						TestTargetID = E8A13E2122D3EA4F004F87A4;
					};
					E8A13E4222D3EA50004F87A4 = {
						CreatedOnToolsVersion = 11.0;
						TestTargetID = E8A13E2122D3EA4F004F87A4;
					};
				};
			};
			buildConfigurationList = E8A13E1D22D3EA4F004F87A4 /* Build configuration list for PBXProject "ejemplo" */;
			compatibilityVersion = "Xcode 9.3";
			developmentRegion = en;
			hasScannedForEncodings = 0;
			knownRegions = (
				en,
				Base,
			);
			mainGroup = E8A13E1922D3EA4F004F87A4;
			productRefGroup = E8A13E2322D3EA4F004F87A4 /* Products */;
			projectDirPath = "";
			projectRoot = "";
			targets = (
				E8A13E2122D3EA4F004F87A4 /* ejemplo */,
				E8A13E3722D3EA50004F87A4 /* ejemploTests */,
				E8A13E4222D3EA50004F87A4 /* ejemploUITests */,
			);
		};
/* End PBXProject section */

/* Begin PBXResourcesBuildPhase section */
		E8A13E2022D3EA4F004F87A4 /* Resources */ = {
			isa = PBXResourcesBuildPhase;
			buildActionMask = 2147483647;
			files = (
				E8A13E3222D3EA50004F87A4 /* LaunchScreen.storyboard in Resources */,
				E8A13E2F22D3EA50004F87A4 /* Assets.xcassets in Resources */,
				E8A13E2D22D3EA4F004F87A4 /* Main.storyboard in Resources */,
			);
			runOnlyForDeploymentPostprocessing = 0;
		};
		E8A13E3622D3EA50004F87A4 /* Resources */ = {
			isa = PBXResourcesBuildPhase;
			buildActionMask = 2147483647;
			files = (
			);
			runOnlyForDeploymentPostprocessing = 0;
		};
		E8A13E4122D3EA50004F87A4 /* Resources */ = {
			isa = PBXResourcesBuildPhase;
			buildActionMask = 2147483647;
			files = (
			);
			runOnlyForDeploymentPostprocessing = 0;
		};
/* End PBXResourcesBuildPhase section */

/* Begin PBXSourcesBuildPhase section */
		E8A13E1E22D3EA4F004F87A4 /* Sources */ = {
			isa = PBXSourcesBuildPhase;
			buildActionMask = 2147483647;
			files = (
				E8A13E2A22D3EA4F004F87A4 /* ViewController.swift in Sources */,
				E8A13E2622D3EA4F004F87A4 /* AppDelegate.swift in Sources */,
				E8A13E2822D3EA4F004F87A4 /* SceneDelegate.swift in Sources */,
			);
			runOnlyForDeploymentPostprocessing = 0;
		};
		E8A13E3422D3EA50004F87A4 /* Sources */ = {
			isa = PBXSourcesBuildPhase;
			buildActionMask = 2147483647;
			files = (
				E8A13E3D22D3EA50004F87A4 /* ejemploTests.swift in Sources */,
			);
			runOnlyForDeploymentPostprocessing = 0;
		};
		E8A13E3F22D3EA50004F87A4 /* Sources */ = {
			isa = PBXSourcesBuildPhase;
			buildActionMask = 2147483647;
			files = (
				E8A13E4822D3EA50004F87A4 /* ejemploUITests.swift in Sources */,
			);
			runOnlyForDeploymentPostprocessing = 0;
		};
/* End PBXSourcesBuildPhase section */

/* Begin PBXTargetDependency section */
		E8A13E3A22D3EA50004F87A4 /* PBXTargetDependency */ = {
			isa = PBXTargetDependency;
			target = E8A13E2122D3EA4F004F87A4 /* ejemplo */;
			targetProxy = E8A13E3922D3EA50004F87A4 /* PBXContainerItemProxy */;
		};
		E8A13E4522D3EA50004F87A4 /* PBXTargetDependency */ = {
			isa = PBXTargetDependency;
			target = E8A13E2122D3EA4F004F87A4 /* ejemplo */;
			targetProxy = E8A13E4422D3EA50004F87A4 /* PBXContainerItemProxy */;
		};
/* End PBXTargetDependency section */

/* Begin PBXVariantGroup section */
		E8A13E2B22D3EA4F004F87A4 /* Main.storyboard */ = {
			isa = PBXVariantGroup;
			children = (
				E8A13E2C22D3EA4F004F87A4 /* Base */,
			);
			name = Main.storyboard;
			sourceTree = "<group>";
		};
		E8A13E3022D3EA50004F87A4 /* LaunchScreen.storyboard */ = {
			isa = PBXVariantGroup;
			children = (
				E8A13E3122D3EA50004F87A4 /* Base */,
			);
			name = LaunchScreen.storyboard;
			sourceTree = "<group>";
		};
/* End PBXVariantGroup section */

/* Begin XCBuildConfiguration section */
		E8A13E4A22D3EA50004F87A4 /* Debug */ = {
			isa = XCBuildConfiguration;
			buildSettings = {
				ALWAYS_SEARCH_USER_PATHS = NO;
				CLANG_ANALYZER_NONNULL = YES;
				CLANG_ANALYZER_NUMBER_OBJECT_CONVERSION = YES_AGGRESSIVE;
				CLANG_CXX_LANGUAGE_STANDARD = "gnu++14";
				CLANG_CXX_LIBRARY = "libc++";
				CLANG_ENABLE_MODULES = YES;
				CLANG_ENABLE_OBJC_ARC = YES;
				CLANG_ENABLE_OBJC_WEAK = YES;
				CLANG_WARN_BLOCK_CAPTURE_AUTORELEASING = YES;
				CLANG_WARN_BOOL_CONVERSION = YES;
				CLANG_WARN_COMMA = YES;
				CLANG_WARN_CONSTANT_CONVERSION = YES;
				CLANG_WARN_DEPRECATED_OBJC_IMPLEMENTATIONS = YES;
				CLANG_WARN_DIRECT_OBJC_ISA_USAGE = YES_ERROR;
				CLANG_WARN_DOCUMENTATION_COMMENTS = YES;
				CLANG_WARN_EMPTY_BODY = YES;
				CLANG_WARN_ENUM_CONVERSION = YES;
				CLANG_WARN_INFINITE_RECURSION = YES;
				CLANG_WARN_INT_CONVERSION = YES;
				CLANG_WARN_NON_LITERAL_NULL_CONVERSION = YES;
				CLANG_WARN_OBJC_IMPLICIT_RETAIN_SELF = YES;
				CLANG_WARN_OBJC_LITERAL_CONVERSION = YES;
				CLANG_WARN_OBJC_ROOT_CLASS = YES_ERROR;
				CLANG_WARN_RANGE_LOOP_ANALYSIS = YES;
				CLANG_WARN_STRICT_PROTOTYPES = YES;
				CLANG_WARN_SUSPICIOUS_MOVE = YES;
				CLANG_WARN_UNGUARDED_AVAILABILITY = YES_AGGRESSIVE;
				CLANG_WARN_UNREACHABLE_CODE = YES;
				CLANG_WARN__DUPLICATE_METHOD_MATCH = YES;
				COPY_PHASE_STRIP = NO;
				DEBUG_INFORMATION_FORMAT = dwarf;
				ENABLE_STRICT_OBJC_MSGSEND = YES;
				ENABLE_TESTABILITY = YES;
				GCC_C_LANGUAGE_STANDARD = gnu11;
				GCC_DYNAMIC_NO_PIC = NO;
				GCC_NO_COMMON_BLOCKS = YES;
				GCC_OPTIMIZATION_LEVEL = 0;
				GCC_PREPROCESSOR_DEFINITIONS = (
					"DEBUG=1",
					"$(inherited)",
				);
				GCC_WARN_64_TO_32_BIT_CONVERSION = YES;
				GCC_WARN_ABOUT_RETURN_TYPE = YES_ERROR;
				GCC_WARN_UNDECLARED_SELECTOR = YES;
				GCC_WARN_UNINITIALIZED_AUTOS = YES_AGGRESSIVE;
				GCC_WARN_UNUSED_FUNCTION = YES;
				GCC_WARN_UNUSED_VARIABLE = YES;
				IPHONEOS_DEPLOYMENT_TARGET = 13.0;
				MTL_ENABLE_DEBUG_INFO = INCLUDE_SOURCE;
				MTL_FAST_MATH = YES;
				ONLY_ACTIVE_ARCH = YES;
				SDKROOT = iphoneos;
				SWIFT_ACTIVE_COMPILATION_CONDITIONS = DEBUG;
				SWIFT_OPTIMIZATION_LEVEL = "-Onone";
			};
			name = Debug;
		};
		E8A13E4B22D3EA50004F87A4 /* Release */ = {
			isa = XCBuildConfiguration;
			buildSettings = {
				ALWAYS_SEARCH_USER_PATHS = NO;
				CLANG_ANALYZER_NONNULL = YES;
				CLANG_ANALYZER_NUMBER_OBJECT_CONVERSION = YES_AGGRESSIVE;
				CLANG_CXX_LANGUAGE_STANDARD = "gnu++14";
				CLANG_CXX_LIBRARY = "libc++";
				CLANG_ENABLE_MODULES = YES;
				CLANG_ENABLE_OBJC_ARC = YES;
				CLANG_ENABLE_OBJC_WEAK = YES;
				CLANG_WARN_BLOCK_CAPTURE_AUTORELEASING = YES;
				CLANG_WARN_BOOL_CONVERSION = YES;
				CLANG_WARN_COMMA = YES;
				CLANG_WARN_CONSTANT_CONVERSION = YES;
				CLANG_WARN_DEPRECATED_OBJC_IMPLEMENTATIONS = YES;
				CLANG_WARN_DIRECT_OBJC_ISA_USAGE = YES_ERROR;
				CLANG_WARN_DOCUMENTATION_COMMENTS = YES;
				CLANG_WARN_EMPTY_BODY = YES;
				CLANG_WARN_ENUM_CONVERSION = YES;
				CLANG_WARN_INFINITE_RECURSION = YES;
				CLANG_WARN_INT_CONVERSION = YES;
				CLANG_WARN_NON_LITERAL_NULL_CONVERSION = YES;
				CLANG_WARN_OBJC_IMPLICIT_RETAIN_SELF = YES;
				CLANG_WARN_OBJC_LITERAL_CONVERSION = YES;
				CLANG_WARN_OBJC_ROOT_CLASS = YES_ERROR;
				CLANG_WARN_RANGE_LOOP_ANALYSIS = YES;
				CLANG_WARN_STRICT_PROTOTYPES = YES;
				CLANG_WARN_SUSPICIOUS_MOVE = YES;
				CLANG_WARN_UNGUARDED_AVAILABILITY = YES_AGGRESSIVE;
				CLANG_WARN_UNREACHABLE_CODE = YES;
				CLANG_WARN__DUPLICATE_METHOD_MATCH = YES;
				COPY_PHASE_STRIP = NO;
				DEBUG_INFORMATION_FORMAT = "dwarf-with-dsym";
				ENABLE_NS_ASSERTIONS = NO;
				ENABLE_STRICT_OBJC_MSGSEND = YES;
				GCC_C_LANGUAGE_STANDARD = gnu11;
				GCC_NO_COMMON_BLOCKS = YES;
				GCC_WARN_64_TO_32_BIT_CONVERSION = YES;
				GCC_WARN_ABOUT_RETURN_TYPE = YES_ERROR;
				GCC_WARN_UNDECLARED_SELECTOR = YES;
				GCC_WARN_UNINITIALIZED_AUTOS = YES_AGGRESSIVE;
				GCC_WARN_UNUSED_FUNCTION = YES;
				GCC_WARN_UNUSED_VARIABLE = YES;
				IPHONEOS_DEPLOYMENT_TARGET = 13.0;
				MTL_ENABLE_DEBUG_INFO = NO;
				MTL_FAST_MATH = YES;
				SDKROOT = iphoneos;
				SWIFT_COMPILATION_MODE = wholemodule;
				SWIFT_OPTIMIZATION_LEVEL = "-O";
				VALIDATE_PRODUCT = YES;
			};
			name = Release;
		};
		E8A13E4D22D3EA50004F87A4 /* Debug */ = {
			isa = XCBuildConfiguration;
			buildSettings = {
				ASSETCATALOG_COMPILER_APPICON_NAME = AppIcon;
				CODE_SIGN_STYLE = Automatic;
				INFOPLIST_FILE = ejemplo/Info.plist;
				LD_RUNPATH_SEARCH_PATHS = (
					"$(inherited)",
					"@executable_path/Frameworks",
				);
				PRODUCT_BUNDLE_IDENTIFIER = Laura.ejemplo;
				PRODUCT_NAME = "$(TARGET_NAME)";
				SWIFT_VERSION = 5.0;
				TARGETED_DEVICE_FAMILY = "1,2";
			};
			name = Debug;
		};
		E8A13E4E22D3EA50004F87A4 /* Release */ = {
			isa = XCBuildConfiguration;
			buildSettings = {
				ASSETCATALOG_COMPILER_APPICON_NAME = AppIcon;
				CODE_SIGN_STYLE = Automatic;
				INFOPLIST_FILE = ejemplo/Info.plist;
				LD_RUNPATH_SEARCH_PATHS = (
					"$(inherited)",
					"@executable_path/Frameworks",
				);
				PRODUCT_BUNDLE_IDENTIFIER = Laura.ejemplo;
				PRODUCT_NAME = "$(TARGET_NAME)";
				SWIFT_VERSION = 5.0;
				TARGETED_DEVICE_FAMILY = "1,2";
			};
			name = Release;
		};
		E8A13E5022D3EA50004F87A4 /* Debug */ = {
			isa = XCBuildConfiguration;
			buildSettings = {
				ALWAYS_EMBED_SWIFT_STANDARD_LIBRARIES = YES;
				BUNDLE_LOADER = "$(TEST_HOST)";
				CODE_SIGN_STYLE = Automatic;
				INFOPLIST_FILE = ejemploTests/Info.plist;
				LD_RUNPATH_SEARCH_PATHS = (
					"$(inherited)",
					"@executable_path/Frameworks",
					"@loader_path/Frameworks",
				);
				PRODUCT_BUNDLE_IDENTIFIER = Laura.ejemploTests;
				PRODUCT_NAME = "$(TARGET_NAME)";
				SWIFT_VERSION = 5.0;
				TARGETED_DEVICE_FAMILY = "1,2";
				TEST_HOST = "$(BUILT_PRODUCTS_DIR)/ejemplo.app/ejemplo";
			};
			name = Debug;
		};
		E8A13E5122D3EA50004F87A4 /* Release */ = {
			isa = XCBuildConfiguration;
			buildSettings = {
				ALWAYS_EMBED_SWIFT_STANDARD_LIBRARIES = YES;
				BUNDLE_LOADER = "$(TEST_HOST)";
				CODE_SIGN_STYLE = Automatic;
				INFOPLIST_FILE = ejemploTests/Info.plist;
				LD_RUNPATH_SEARCH_PATHS = (
					"$(inherited)",
					"@executable_path/Frameworks",
					"@loader_path/Frameworks",
				);
				PRODUCT_BUNDLE_IDENTIFIER = Laura.ejemploTests;
				PRODUCT_NAME = "$(TARGET_NAME)";
				SWIFT_VERSION = 5.0;
				TARGETED_DEVICE_FAMILY = "1,2";
				TEST_HOST = "$(BUILT_PRODUCTS_DIR)/ejemplo.app/ejemplo";
			};
			name = Release;
		};
		E8A13E5322D3EA50004F87A4 /* Debug */ = {
			isa = XCBuildConfiguration;
			buildSettings = {
				ALWAYS_EMBED_SWIFT_STANDARD_LIBRARIES = YES;
				CODE_SIGN_STYLE = Automatic;
				INFOPLIST_FILE = ejemploUITests/Info.plist;
				LD_RUNPATH_SEARCH_PATHS = (
					"$(inherited)",
					"@executable_path/Frameworks",
					"@loader_path/Frameworks",
				);
				PRODUCT_BUNDLE_IDENTIFIER = Laura.ejemploUITests;
				PRODUCT_NAME = "$(TARGET_NAME)";
				SWIFT_VERSION = 5.0;
				TARGETED_DEVICE_FAMILY = "1,2";
				TEST_TARGET_NAME = ejemplo;
			};
			name = Debug;
		};
		E8A13E5422D3EA50004F87A4 /* Release */ = {
			isa = XCBuildConfiguration;
			buildSettings = {
				ALWAYS_EMBED_SWIFT_STANDARD_LIBRARIES = YES;
				CODE_SIGN_STYLE = Automatic;
				INFOPLIST_FILE = ejemploUITests/Info.plist;
				LD_RUNPATH_SEARCH_PATHS = (
					"$(inherited)",
					"@executable_path/Frameworks",
					"@loader_path/Frameworks",
				);
				PRODUCT_BUNDLE_IDENTIFIER = Laura.ejemploUITests;
				PRODUCT_NAME = "$(TARGET_NAME)";
				SWIFT_VERSION = 5.0;
				TARGETED_DEVICE_FAMILY = "1,2";
				TEST_TARGET_NAME = ejemplo;
			};
			name = Release;
		};
/* End XCBuildConfiguration section */

/* Begin XCConfigurationList section */
		E8A13E1D22D3EA4F004F87A4 /* Build configuration list for PBXProject "ejemplo" */ = {
			isa = XCConfigurationList;
			buildConfigurations = (
				E8A13E4A22D3EA50004F87A4 /* Debug */,
				E8A13E4B22D3EA50004F87A4 /* Release */,
			);
			defaultConfigurationIsVisible = 0;
			defaultConfigurationName = Release;
		};
		E8A13E4C22D3EA50004F87A4 /* Build configuration list for PBXNativeTarget "ejemplo" */ = {
			isa = XCConfigurationList;
			buildConfigurations = (
				E8A13E4D22D3EA50004F87A4 /* Debug */,
				E8A13E4E22D3EA50004F87A4 /* Release */,
			);
			defaultConfigurationIsVisible = 0;
			defaultConfigurationName = Release;
		};
		E8A13E4F22D3EA50004F87A4 /* Build configuration list for PBXNativeTarget "ejemploTests" */ = {
			isa = XCConfigurationList;
			buildConfigurations = (
				E8A13E5022D3EA50004F87A4 /* Debug */,
				E8A13E5122D3EA50004F87A4 /* Release */,
			);
			defaultConfigurationIsVisible = 0;
			defaultConfigurationName = Release;
		};
		E8A13E5222D3EA50004F87A4 /* Build configuration list for PBXNativeTarget "ejemploUITests" */ = {
			isa = XCConfigurationList;
			buildConfigurations = (
				E8A13E5322D3EA50004F87A4 /* Debug */,
				E8A13E5422D3EA50004F87A4 /* Release */,
			);
			defaultConfigurationIsVisible = 0;
			defaultConfigurationName = Release;
		};
/* End XCConfigurationList section */
	};
	rootObject = E8A13E1A22D3EA4F004F87A4 /* Project object */;
}
