// !$*UTF8*$!
{
	archiveVersion = 1;
	classes = {
	};
	objectVersion = 50;
	objects = {

/* Begin PBXBuildFile section */
		E82C2EC422E662F100D6F39C /* AppDelegate.swift in Sources */ = {isa = PBXBuildFile; fileRef = E82C2EC322E662F100D6F39C /* AppDelegate.swift */; };
		E82C2EC622E662F100D6F39C /* SceneDelegate.swift in Sources */ = {isa = PBXBuildFile; fileRef = E82C2EC522E662F100D6F39C /* SceneDelegate.swift */; };
		E82C2EC822E662F100D6F39C /* ViewController.swift in Sources */ = {isa = PBXBuildFile; fileRef = E82C2EC722E662F100D6F39C /* ViewController.swift */; };
		E82C2ECB22E662F100D6F39C /* Main.storyboard in Resources */ = {isa = PBXBuildFile; fileRef = E82C2EC922E662F100D6F39C /* Main.storyboard */; };
		E82C2ECD22E662F200D6F39C /* Assets.xcassets in Resources */ = {isa = PBXBuildFile; fileRef = E82C2ECC22E662F200D6F39C /* Assets.xcassets */; };
		E82C2ED022E662F200D6F39C /* LaunchScreen.storyboard in Resources */ = {isa = PBXBuildFile; fileRef = E82C2ECE22E662F200D6F39C /* LaunchScreen.storyboard */; };
		E82C2ED822E6630200D6F39C /* Datos.swift in Sources */ = {isa = PBXBuildFile; fileRef = E82C2ED722E6630200D6F39C /* Datos.swift */; };
		E82C2EDA22E6635B00D6F39C /* imagen.jpg in Resources */ = {isa = PBXBuildFile; fileRef = E82C2ED922E6635B00D6F39C /* imagen.jpg */; };
/* End PBXBuildFile section */

/* Begin PBXFileReference section */
		E82C2EC022E662F100D6F39C /* Hamburguesa.app */ = {isa = PBXFileReference; explicitFileType = wrapper.application; includeInIndex = 0; path = Hamburguesa.app; sourceTree = BUILT_PRODUCTS_DIR; };
		E82C2EC322E662F100D6F39C /* AppDelegate.swift */ = {isa = PBXFileReference; lastKnownFileType = sourcecode.swift; path = AppDelegate.swift; sourceTree = "<group>"; };
		E82C2EC522E662F100D6F39C /* SceneDelegate.swift */ = {isa = PBXFileReference; lastKnownFileType = sourcecode.swift; path = SceneDelegate.swift; sourceTree = "<group>"; };
		E82C2EC722E662F100D6F39C /* ViewController.swift */ = {isa = PBXFileReference; lastKnownFileType = sourcecode.swift; path = ViewController.swift; sourceTree = "<group>"; };
		E82C2ECA22E662F100D6F39C /* Base */ = {isa = PBXFileReference; lastKnownFileType = file.storyboard; name = Base; path = Base.lproj/Main.storyboard; sourceTree = "<group>"; };
		E82C2ECC22E662F200D6F39C /* Assets.xcassets */ = {isa = PBXFileReference; lastKnownFileType = folder.assetcatalog; path = Assets.xcassets; sourceTree = "<group>"; };
		E82C2ECF22E662F200D6F39C /* Base */ = {isa = PBXFileReference; lastKnownFileType = file.storyboard; name = Base; path = Base.lproj/LaunchScreen.storyboard; sourceTree = "<group>"; };
		E82C2ED122E662F200D6F39C /* Info.plist */ = {isa = PBXFileReference; lastKnownFileType = text.plist.xml; path = Info.plist; sourceTree = "<group>"; };
		E82C2ED722E6630200D6F39C /* Datos.swift */ = {isa = PBXFileReference; lastKnownFileType = sourcecode.swift; path = Datos.swift; sourceTree = "<group>"; };
		E82C2ED922E6635B00D6F39C /* imagen.jpg */ = {isa = PBXFileReference; lastKnownFileType = image.jpeg; path = imagen.jpg; sourceTree = "<group>"; };
/* End PBXFileReference section */

/* Begin PBXFrameworksBuildPhase section */
		E82C2EBD22E662F100D6F39C /* Frameworks */ = {
			isa = PBXFrameworksBuildPhase;
			buildActionMask = 2147483647;
			files = (
			);
			runOnlyForDeploymentPostprocessing = 0;
		};
/* End PBXFrameworksBuildPhase section */

/* Begin PBXGroup section */
		E82C2EB722E662F100D6F39C = {
			isa = PBXGroup;
			children = (
				E82C2EC222E662F100D6F39C /* Hamburguesa */,
				E82C2EC122E662F100D6F39C /* Products */,
			);
			sourceTree = "<group>";
		};
		E82C2EC122E662F100D6F39C /* Products */ = {
			isa = PBXGroup;
			children = (
				E82C2EC022E662F100D6F39C /* Hamburguesa.app */,
			);
			name = Products;
			sourceTree = "<group>";
		};
		E82C2EC222E662F100D6F39C /* Hamburguesa */ = {
			isa = PBXGroup;
			children = (
				E82C2EC322E662F100D6F39C /* AppDelegate.swift */,
				E82C2EC522E662F100D6F39C /* SceneDelegate.swift */,
				E82C2EC722E662F100D6F39C /* ViewController.swift */,
				E82C2EC922E662F100D6F39C /* Main.storyboard */,
				E82C2ECC22E662F200D6F39C /* Assets.xcassets */,
				E82C2ED922E6635B00D6F39C /* imagen.jpg */,
				E82C2ECE22E662F200D6F39C /* LaunchScreen.storyboard */,
				E82C2ED122E662F200D6F39C /* Info.plist */,
				E82C2ED722E6630200D6F39C /* Datos.swift */,
			);
			path = Hamburguesa;
			sourceTree = "<group>";
		};
/* End PBXGroup section */

/* Begin PBXNativeTarget section */
		E82C2EBF22E662F100D6F39C /* Hamburguesa */ = {
			isa = PBXNativeTarget;
			buildConfigurationList = E82C2ED422E662F200D6F39C /* Build configuration list for PBXNativeTarget "Hamburguesa" */;
			buildPhases = (
				E82C2EBC22E662F100D6F39C /* Sources */,
				E82C2EBD22E662F100D6F39C /* Frameworks */,
				E82C2EBE22E662F100D6F39C /* Resources */,
			);
			buildRules = (
			);
			dependencies = (
			);
			name = Hamburguesa;
			productName = Hamburguesa;
			productReference = E82C2EC022E662F100D6F39C /* Hamburguesa.app */;
			productType = "com.apple.product-type.application";
		};
/* End PBXNativeTarget section */

/* Begin PBXProject section */
		E82C2EB822E662F100D6F39C /* Project object */ = {
			isa = PBXProject;
			attributes = {
				LastSwiftUpdateCheck = 1100;
				LastUpgradeCheck = 1100;
				ORGANIZATIONNAME = "Laura Fernanda Castillo Cortes";
				TargetAttributes = {
					E82C2EBF22E662F100D6F39C = {
						CreatedOnToolsVersion = 11.0;
					};
				};
			};
			buildConfigurationList = E82C2EBB22E662F100D6F39C /* Build configuration list for PBXProject "Hamburguesa" */;
			compatibilityVersion = "Xcode 9.3";
			developmentRegion = en;
			hasScannedForEncodings = 0;
			knownRegions = (
				en,
				Base,
			);
			mainGroup = E82C2EB722E662F100D6F39C;
			productRefGroup = E82C2EC122E662F100D6F39C /* Products */;
			projectDirPath = "";
			projectRoot = "";
			targets = (
				E82C2EBF22E662F100D6F39C /* Hamburguesa */,
			);
		};
/* End PBXProject section */

/* Begin PBXResourcesBuildPhase section */
		E82C2EBE22E662F100D6F39C /* Resources */ = {
			isa = PBXResourcesBuildPhase;
			buildActionMask = 2147483647;
			files = (
				E82C2ED022E662F200D6F39C /* LaunchScreen.storyboard in Resources */,
				E82C2ECD22E662F200D6F39C /* Assets.xcassets in Resources */,
				E82C2EDA22E6635B00D6F39C /* imagen.jpg in Resources */,
				E82C2ECB22E662F100D6F39C /* Main.storyboard in Resources */,
			);
			runOnlyForDeploymentPostprocessing = 0;
		};
/* End PBXResourcesBuildPhase section */

/* Begin PBXSourcesBuildPhase section */
		E82C2EBC22E662F100D6F39C /* Sources */ = {
			isa = PBXSourcesBuildPhase;
			buildActionMask = 2147483647;
			files = (
				E82C2EC822E662F100D6F39C /* ViewController.swift in Sources */,
				E82C2ED822E6630200D6F39C /* Datos.swift in Sources */,
				E82C2EC422E662F100D6F39C /* AppDelegate.swift in Sources */,
				E82C2EC622E662F100D6F39C /* SceneDelegate.swift in Sources */,
			);
			runOnlyForDeploymentPostprocessing = 0;
		};
/* End PBXSourcesBuildPhase section */

/* Begin PBXVariantGroup section */
		E82C2EC922E662F100D6F39C /* Main.storyboard */ = {
			isa = PBXVariantGroup;
			children = (
				E82C2ECA22E662F100D6F39C /* Base */,
			);
			name = Main.storyboard;
			sourceTree = "<group>";
		};
		E82C2ECE22E662F200D6F39C /* LaunchScreen.storyboard */ = {
			isa = PBXVariantGroup;
			children = (
				E82C2ECF22E662F200D6F39C /* Base */,
			);
			name = LaunchScreen.storyboard;
			sourceTree = "<group>";
		};
/* End PBXVariantGroup section */

/* Begin XCBuildConfiguration section */
		E82C2ED222E662F200D6F39C /* Debug */ = {
			isa = XCBuildConfiguration;
			buildSettings = {
				ALWAYS_SEARCH_USER_PATHS = NO;
				CLANG_ANALYZER_NONNULL = YES;
				CLANG_ANALYZER_NUMBER_OBJECT_CONVERSION = YES_AGGRESSIVE;
				CLANG_CXX_LANGUAGE_STANDARD = "gnu++14";
				CLANG_CXX_LIBRARY = "libc++";
				CLANG_ENABLE_MODULES = YES;
				CLANG_ENABLE_OBJC_ARC = YES;
				CLANG_ENABLE_OBJC_WEAK = YES;
				CLANG_WARN_BLOCK_CAPTURE_AUTORELEASING = YES;
				CLANG_WARN_BOOL_CONVERSION = YES;
				CLANG_WARN_COMMA = YES;
				CLANG_WARN_CONSTANT_CONVERSION = YES;
				CLANG_WARN_DEPRECATED_OBJC_IMPLEMENTATIONS = YES;
				CLANG_WARN_DIRECT_OBJC_ISA_USAGE = YES_ERROR;
				CLANG_WARN_DOCUMENTATION_COMMENTS = YES;
				CLANG_WARN_EMPTY_BODY = YES;
				CLANG_WARN_ENUM_CONVERSION = YES;
				CLANG_WARN_INFINITE_RECURSION = YES;
				CLANG_WARN_INT_CONVERSION = YES;
				CLANG_WARN_NON_LITERAL_NULL_CONVERSION = YES;
				CLANG_WARN_OBJC_IMPLICIT_RETAIN_SELF = YES;
				CLANG_WARN_OBJC_LITERAL_CONVERSION = YES;
				CLANG_WARN_OBJC_ROOT_CLASS = YES_ERROR;
				CLANG_WARN_RANGE_LOOP_ANALYSIS = YES;
				CLANG_WARN_STRICT_PROTOTYPES = YES;
				CLANG_WARN_SUSPICIOUS_MOVE = YES;
				CLANG_WARN_UNGUARDED_AVAILABILITY = YES_AGGRESSIVE;
				CLANG_WARN_UNREACHABLE_CODE = YES;
				CLANG_WARN__DUPLICATE_METHOD_MATCH = YES;
				COPY_PHASE_STRIP = NO;
				DEBUG_INFORMATION_FORMAT = dwarf;
				ENABLE_STRICT_OBJC_MSGSEND = YES;
				ENABLE_TESTABILITY = YES;
				GCC_C_LANGUAGE_STANDARD = gnu11;
				GCC_DYNAMIC_NO_PIC = NO;
				GCC_NO_COMMON_BLOCKS = YES;
				GCC_OPTIMIZATION_LEVEL = 0;
				GCC_PREPROCESSOR_DEFINITIONS = (
					"DEBUG=1",
					"$(inherited)",
				);
				GCC_WARN_64_TO_32_BIT_CONVERSION = YES;
				GCC_WARN_ABOUT_RETURN_TYPE = YES_ERROR;
				GCC_WARN_UNDECLARED_SELECTOR = YES;
				GCC_WARN_UNINITIALIZED_AUTOS = YES_AGGRESSIVE;
				GCC_WARN_UNUSED_FUNCTION = YES;
				GCC_WARN_UNUSED_VARIABLE = YES;
				IPHONEOS_DEPLOYMENT_TARGET = 13.0;
				MTL_ENABLE_DEBUG_INFO = INCLUDE_SOURCE;
				MTL_FAST_MATH = YES;
				ONLY_ACTIVE_ARCH = YES;
				SDKROOT = iphoneos;
				SWIFT_ACTIVE_COMPILATION_CONDITIONS = DEBUG;
				SWIFT_OPTIMIZATION_LEVEL = "-Onone";
			};
			name = Debug;
		};
		E82C2ED322E662F200D6F39C /* Release */ = {
			isa = XCBuildConfiguration;
			buildSettings = {
				ALWAYS_SEARCH_USER_PATHS = NO;
				CLANG_ANALYZER_NONNULL = YES;
				CLANG_ANALYZER_NUMBER_OBJECT_CONVERSION = YES_AGGRESSIVE;
				CLANG_CXX_LANGUAGE_STANDARD = "gnu++14";
				CLANG_CXX_LIBRARY = "libc++";
				CLANG_ENABLE_MODULES = YES;
				CLANG_ENABLE_OBJC_ARC = YES;
				CLANG_ENABLE_OBJC_WEAK = YES;
				CLANG_WARN_BLOCK_CAPTURE_AUTORELEASING = YES;
				CLANG_WARN_BOOL_CONVERSION = YES;
				CLANG_WARN_COMMA = YES;
				CLANG_WARN_CONSTANT_CONVERSION = YES;
				CLANG_WARN_DEPRECATED_OBJC_IMPLEMENTATIONS = YES;
				CLANG_WARN_DIRECT_OBJC_ISA_USAGE = YES_ERROR;
				CLANG_WARN_DOCUMENTATION_COMMENTS = YES;
				CLANG_WARN_EMPTY_BODY = YES;
				CLANG_WARN_ENUM_CONVERSION = YES;
				CLANG_WARN_INFINITE_RECURSION = YES;
				CLANG_WARN_INT_CONVERSION = YES;
				CLANG_WARN_NON_LITERAL_NULL_CONVERSION = YES;
				CLANG_WARN_OBJC_IMPLICIT_RETAIN_SELF = YES;
				CLANG_WARN_OBJC_LITERAL_CONVERSION = YES;
				CLANG_WARN_OBJC_ROOT_CLASS = YES_ERROR;
				CLANG_WARN_RANGE_LOOP_ANALYSIS = YES;
				CLANG_WARN_STRICT_PROTOTYPES = YES;
				CLANG_WARN_SUSPICIOUS_MOVE = YES;
				CLANG_WARN_UNGUARDED_AVAILABILITY = YES_AGGRESSIVE;
				CLANG_WARN_UNREACHABLE_CODE = YES;
				CLANG_WARN__DUPLICATE_METHOD_MATCH = YES;
				COPY_PHASE_STRIP = NO;
				DEBUG_INFORMATION_FORMAT = "dwarf-with-dsym";
				ENABLE_NS_ASSERTIONS = NO;
				ENABLE_STRICT_OBJC_MSGSEND = YES;
				GCC_C_LANGUAGE_STANDARD = gnu11;
				GCC_NO_COMMON_BLOCKS = YES;
				GCC_WARN_64_TO_32_BIT_CONVERSION = YES;
				GCC_WARN_ABOUT_RETURN_TYPE = YES_ERROR;
				GCC_WARN_UNDECLARED_SELECTOR = YES;
				GCC_WARN_UNINITIALIZED_AUTOS = YES_AGGRESSIVE;
				GCC_WARN_UNUSED_FUNCTION = YES;
				GCC_WARN_UNUSED_VARIABLE = YES;
				IPHONEOS_DEPLOYMENT_TARGET = 13.0;
				MTL_ENABLE_DEBUG_INFO = NO;
				MTL_FAST_MATH = YES;
				SDKROOT = iphoneos;
				SWIFT_COMPILATION_MODE = wholemodule;
				SWIFT_OPTIMIZATION_LEVEL = "-O";
				VALIDATE_PRODUCT = YES;
			};
			name = Release;
		};
		E82C2ED522E662F200D6F39C /* Debug */ = {
			isa = XCBuildConfiguration;
			buildSettings = {
				ASSETCATALOG_COMPILER_APPICON_NAME = AppIcon;
				CODE_SIGN_STYLE = Automatic;
				DEVELOPMENT_TEAM = 5MBTVJGSS8;
				INFOPLIST_FILE = Hamburguesa/Info.plist;
				LD_RUNPATH_SEARCH_PATHS = (
					"$(inherited)",
					"@executable_path/Frameworks",
				);
				PRODUCT_BUNDLE_IDENTIFIER = Laura.Hamburguesa;
				PRODUCT_NAME = "$(TARGET_NAME)";
				SWIFT_VERSION = 5.0;
				TARGETED_DEVICE_FAMILY = "1,2";
			};
			name = Debug;
		};
		E82C2ED622E662F200D6F39C /* Release */ = {
			isa = XCBuildConfiguration;
			buildSettings = {
				ASSETCATALOG_COMPILER_APPICON_NAME = AppIcon;
				CODE_SIGN_STYLE = Automatic;
				DEVELOPMENT_TEAM = 5MBTVJGSS8;
				INFOPLIST_FILE = Hamburguesa/Info.plist;
				LD_RUNPATH_SEARCH_PATHS = (
					"$(inherited)",
					"@executable_path/Frameworks",
				);
				PRODUCT_BUNDLE_IDENTIFIER = Laura.Hamburguesa;
				PRODUCT_NAME = "$(TARGET_NAME)";
				SWIFT_VERSION = 5.0;
				TARGETED_DEVICE_FAMILY = "1,2";
			};
			name = Release;
		};
/* End XCBuildConfiguration section */

/* Begin XCConfigurationList section */
		E82C2EBB22E662F100D6F39C /* Build configuration list for PBXProject "Hamburguesa" */ = {
			isa = XCConfigurationList;
			buildConfigurations = (
				E82C2ED222E662F200D6F39C /* Debug */,
				E82C2ED322E662F200D6F39C /* Release */,
			);
			defaultConfigurationIsVisible = 0;
			defaultConfigurationName = Release;
		};
		E82C2ED422E662F200D6F39C /* Build configuration list for PBXNativeTarget "Hamburguesa" */ = {
			isa = XCConfigurationList;
			buildConfigurations = (
				E82C2ED522E662F200D6F39C /* Debug */,
				E82C2ED622E662F200D6F39C /* Release */,
			);
			defaultConfigurationIsVisible = 0;
			defaultConfigurationName = Release;
		};
/* End XCConfigurationList section */
	};
	rootObject = E82C2EB822E662F100D6F39C /* Project object */;
}
